github.com/damianpumar/mate v0.0.10 h1:h2ccXTn/6yl1Xg5SaHVCzcZoWsXthz9lTaZO/7w1t9U=
github.com/damianpumar/mate v0.0.10/go.mod h1:+UemeFN4S8D8aUnGDKsU0d24b8MAcn6Jd+XwLg99QO8=
github.com/joho/godotenv v1.5.1 h1:7eLL/+HRGLY0ldzfGMeQkb7vMd0as4CfYvUVzLqw0N0=
github.com/joho/godotenv v1.5.1/go.mod h1:f4LDr5Voq0i2e/R5DDNOoa2zzDfwtkZa6DnEwAbqwq4=
